// !$*UTF8*$!
{
	archiveVersion = 1;
	classes = {
	};
	objectVersion = 46;
	objects = {

/* Begin PBXBuildFile section */
		1E75EACD1E3F318100742E2F /* main.cpp in Sources */ = {isa = PBXBuildFile; fileRef = 1E75EACC1E3F318100742E2F /* main.cpp */; };
		1E75EAD51E3F488B00742E2F /* libopencv_highgui.2.4.13.dylib in Frameworks */ = {isa = PBXBuildFile; fileRef = 1E75EAD41E3F488B00742E2F /* libopencv_highgui.2.4.13.dylib */; };
		1E75EAD71E3F490300742E2F /* libopencv_core.2.4.13.dylib in Frameworks */ = {isa = PBXBuildFile; fileRef = 1E75EAD61E3F490300742E2F /* libopencv_core.2.4.13.dylib */; };
		1E75EAD91E3F492800742E2F /* libopencv_gpu.2.4.13.dylib in Frameworks */ = {isa = PBXBuildFile; fileRef = 1E75EAD81E3F492800742E2F /* libopencv_gpu.2.4.13.dylib */; };
/* End PBXBuildFile section */

/* Begin PBXCopyFilesBuildPhase section */
		1E75EAC71E3F318100742E2F /* CopyFiles */ = {
			isa = PBXCopyFilesBuildPhase;
			buildActionMask = 2147483647;
			dstPath = /usr/share/man/man1/;
			dstSubfolderSpec = 0;
			files = (
			);
			runOnlyForDeploymentPostprocessing = 1;
		};
/* End PBXCopyFilesBuildPhase section */

/* Begin PBXFileReference section */
		1E75EAC91E3F318100742E2F /* depthMapMac */ = {isa = PBXFileReference; explicitFileType = "compiled.mach-o.executable"; includeInIndex = 0; path = depthMapMac; sourceTree = BUILT_PRODUCTS_DIR; };
		1E75EACC1E3F318100742E2F /* main.cpp */ = {isa = PBXFileReference; lastKnownFileType = sourcecode.cpp.cpp; path = main.cpp; sourceTree = "<group>"; };
		1E75EAD41E3F488B00742E2F /* libopencv_highgui.2.4.13.dylib */ = {isa = PBXFileReference; lastKnownFileType = "compiled.mach-o.dylib"; name = libopencv_highgui.2.4.13.dylib; path = ../../../../usr/local/Cellar/opencv/2.4.13/lib/libopencv_highgui.2.4.13.dylib; sourceTree = "<group>"; };
		1E75EAD61E3F490300742E2F /* libopencv_core.2.4.13.dylib */ = {isa = PBXFileReference; lastKnownFileType = "compiled.mach-o.dylib"; name = libopencv_core.2.4.13.dylib; path = ../../../../usr/local/Cellar/opencv/2.4.13/lib/libopencv_core.2.4.13.dylib; sourceTree = "<group>"; };
		1E75EAD81E3F492800742E2F /* libopencv_gpu.2.4.13.dylib */ = {isa = PBXFileReference; lastKnownFileType = "compiled.mach-o.dylib"; name = libopencv_gpu.2.4.13.dylib; path = ../../../../usr/local/Cellar/opencv/2.4.13/lib/libopencv_gpu.2.4.13.dylib; sourceTree = "<group>"; };
/* End PBXFileReference section */

/* Begin PBXFrameworksBuildPhase section */
		1E75EAC61E3F318100742E2F /* Frameworks */ = {
			isa = PBXFrameworksBuildPhase;
			buildActionMask = 2147483647;
			files = (
				1E75EAD91E3F492800742E2F /* libopencv_gpu.2.4.13.dylib in Frameworks */,
				1E75EAD71E3F490300742E2F /* libopencv_core.2.4.13.dylib in Frameworks */,
				1E75EAD51E3F488B00742E2F /* libopencv_highgui.2.4.13.dylib in Frameworks */,
			);
			runOnlyForDeploymentPostprocessing = 0;
		};
/* End PBXFrameworksBuildPhase section */

/* Begin PBXGroup section */
		1E75EAC01E3F318100742E2F = {
			isa = PBXGroup;
			children = (
				1E75EACB1E3F318100742E2F /* depthMapMac */,
				1E75EACA1E3F318100742E2F /* Products */,
				1E75EAD31E3F488A00742E2F /* Frameworks */,
			);
			sourceTree = "<group>";
		};
		1E75EACA1E3F318100742E2F /* Products */ = {
			isa = PBXGroup;
			children = (
				1E75EAC91E3F318100742E2F /* depthMapMac */,
			);
			name = Products;
			sourceTree = "<group>";
		};
		1E75EACB1E3F318100742E2F /* depthMapMac */ = {
			isa = PBXGroup;
			children = (
				1E75EACC1E3F318100742E2F /* main.cpp */,
			);
			path = depthMapMac;
			sourceTree = "<group>";
		};
		1E75EAD31E3F488A00742E2F /* Frameworks */ = {
			isa = PBXGroup;
			children = (
				1E75EAD81E3F492800742E2F /* libopencv_gpu.2.4.13.dylib */,
				1E75EAD61E3F490300742E2F /* libopencv_core.2.4.13.dylib */,
				1E75EAD41E3F488B00742E2F /* libopencv_highgui.2.4.13.dylib */,
			);
			name = Frameworks;
			sourceTree = "<group>";
		};
/* End PBXGroup section */

/* Begin PBXNativeTarget section */
		1E75EAC81E3F318100742E2F /* depthMapMac */ = {
			isa = PBXNativeTarget;
			buildConfigurationList = 1E75EAD01E3F318100742E2F /* Build configuration list for PBXNativeTarget "depthMapMac" */;
			buildPhases = (
				1E75EAC51E3F318100742E2F /* Sources */,
				1E75EAC61E3F318100742E2F /* Frameworks */,
				1E75EAC71E3F318100742E2F /* CopyFiles */,
			);
			buildRules = (
			);
			dependencies = (
			);
			name = depthMapMac;
			productName = depthMapMac;
			productReference = 1E75EAC91E3F318100742E2F /* depthMapMac */;
			productType = "com.apple.product-type.tool";
		};
/* End PBXNativeTarget section */

/* Begin PBXProject section */
		1E75EAC11E3F318100742E2F /* Project object */ = {
			isa = PBXProject;
			attributes = {
				LastUpgradeCheck = 0800;
				ORGANIZATIONNAME = "felix schaller";
				TargetAttributes = {
					1E75EAC81E3F318100742E2F = {
						CreatedOnToolsVersion = 8.0;
						DevelopmentTeam = WE3J9L5VM3;
						ProvisioningStyle = Automatic;
					};
				};
			};
			buildConfigurationList = 1E75EAC41E3F318100742E2F /* Build configuration list for PBXProject "depthMapMac" */;
			compatibilityVersion = "Xcode 3.2";
			developmentRegion = English;
			hasScannedForEncodings = 0;
			knownRegions = (
				en,
			);
			mainGroup = 1E75EAC01E3F318100742E2F;
			productRefGroup = 1E75EACA1E3F318100742E2F /* Products */;
			projectDirPath = "";
			projectRoot = "";
			targets = (
				1E75EAC81E3F318100742E2F /* depthMapMac */,
			);
		};
/* End PBXProject section */

/* Begin PBXSourcesBuildPhase section */
		1E75EAC51E3F318100742E2F /* Sources */ = {
			isa = PBXSourcesBuildPhase;
			buildActionMask = 2147483647;
			files = (
				1E75EACD1E3F318100742E2F /* main.cpp in Sources */,
			);
			runOnlyForDeploymentPostprocessing = 0;
		};
/* End PBXSourcesBuildPhase section */

/* Begin XCBuildConfiguration section */
		1E75EACE1E3F318100742E2F /* Debug */ = {
			isa = XCBuildConfiguration;
			buildSettings = {
				ALWAYS_SEARCH_USER_PATHS = NO;
				ARCHS = "$(ARCHS_STANDARD)";
				CLANG_ANALYZER_NONNULL = YES;
				CLANG_CXX_LANGUAGE_STANDARD = "gnu++0x";
				CLANG_CXX_LIBRARY = "libc++";
				CLANG_ENABLE_MODULES = YES;
				CLANG_ENABLE_OBJC_ARC = YES;
				CLANG_WARN_BOOL_CONVERSION = YES;
				CLANG_WARN_CONSTANT_CONVERSION = YES;
				CLANG_WARN_DIRECT_OBJC_ISA_USAGE = YES_ERROR;
				CLANG_WARN_DOCUMENTATION_COMMENTS = YES;
				CLANG_WARN_EMPTY_BODY = YES;
				CLANG_WARN_ENUM_CONVERSION = YES;
				CLANG_WARN_INFINITE_RECURSION = YES;
				CLANG_WARN_INT_CONVERSION = YES;
				CLANG_WARN_OBJC_ROOT_CLASS = YES_ERROR;
				CLANG_WARN_SUSPICIOUS_MOVES = YES;
				CLANG_WARN_UNREACHABLE_CODE = YES;
				CLANG_WARN__DUPLICATE_METHOD_MATCH = YES;
				CODE_SIGN_IDENTITY = "-";
				COPY_PHASE_STRIP = NO;
				DEBUG_INFORMATION_FORMAT = dwarf;
				ENABLE_STRICT_OBJC_MSGSEND = YES;
				ENABLE_TESTABILITY = YES;
				GCC_C_LANGUAGE_STANDARD = gnu99;
				GCC_DYNAMIC_NO_PIC = NO;
				GCC_NO_COMMON_BLOCKS = YES;
				GCC_OPTIMIZATION_LEVEL = 0;
				GCC_PREPROCESSOR_DEFINITIONS = (
					"DEBUG=1",
					"$(inherited)",
				);
				GCC_WARN_64_TO_32_BIT_CONVERSION = YES;
				GCC_WARN_ABOUT_RETURN_TYPE = YES_ERROR;
				GCC_WARN_UNDECLARED_SELECTOR = YES;
				GCC_WARN_UNINITIALIZED_AUTOS = YES_AGGRESSIVE;
				GCC_WARN_UNUSED_FUNCTION = YES;
				GCC_WARN_UNUSED_VARIABLE = YES;
				HEADER_SEARCH_PATHS = /usr/local/include;
				LIBRARY_SEARCH_PATHS = /usr/local/lib;
				MACOSX_DEPLOYMENT_TARGET = 10.11;
				MTL_ENABLE_DEBUG_INFO = YES;
				ONLY_ACTIVE_ARCH = YES;
				SDKROOT = macosx10.11;
			};
			name = Debug;
		};
		1E75EACF1E3F318100742E2F /* Release */ = {
			isa = XCBuildConfiguration;
			buildSettings = {
				ALWAYS_SEARCH_USER_PATHS = NO;
				ARCHS = "$(ARCHS_STANDARD)";
				CLANG_ANALYZER_NONNULL = YES;
				CLANG_CXX_LANGUAGE_STANDARD = "gnu++0x";
				CLANG_CXX_LIBRARY = "libc++";
				CLANG_ENABLE_MODULES = YES;
				CLANG_ENABLE_OBJC_ARC = YES;
				CLANG_WARN_BOOL_CONVERSION = YES;
				CLANG_WARN_CONSTANT_CONVERSION = YES;
				CLANG_WARN_DIRECT_OBJC_ISA_USAGE = YES_ERROR;
				CLANG_WARN_DOCUMENTATION_COMMENTS = YES;
				CLANG_WARN_EMPTY_BODY = YES;
				CLANG_WARN_ENUM_CONVERSION = YES;
				CLANG_WARN_INFINITE_RECURSION = YES;
				CLANG_WARN_INT_CONVERSION = YES;
				CLANG_WARN_OBJC_ROOT_CLASS = YES_ERROR;
				CLANG_WARN_SUSPICIOUS_MOVES = YES;
				CLANG_WARN_UNREACHABLE_CODE = YES;
				CLANG_WARN__DUPLICATE_METHOD_MATCH = YES;
				CODE_SIGN_IDENTITY = "-";
				COPY_PHASE_STRIP = NO;
				DEBUG_INFORMATION_FORMAT = "dwarf-with-dsym";
				ENABLE_NS_ASSERTIONS = NO;
				ENABLE_STRICT_OBJC_MSGSEND = YES;
				GCC_C_LANGUAGE_STANDARD = gnu99;
				GCC_NO_COMMON_BLOCKS = YES;
				GCC_WARN_64_TO_32_BIT_CONVERSION = YES;
				GCC_WARN_ABOUT_RETURN_TYPE = YES_ERROR;
				GCC_WARN_UNDECLARED_SELECTOR = YES;
				GCC_WARN_UNINITIALIZED_AUTOS = YES_AGGRESSIVE;
				GCC_WARN_UNUSED_FUNCTION = YES;
				GCC_WARN_UNUSED_VARIABLE = YES;
				HEADER_SEARCH_PATHS = /usr/local/include;
				LIBRARY_SEARCH_PATHS = /usr/local/lib;
				MACOSX_DEPLOYMENT_TARGET = 10.11;
				MTL_ENABLE_DEBUG_INFO = NO;
				ONLY_ACTIVE_ARCH = NO;
				SDKROOT = macosx10.11;
			};
			name = Release;
		};
		1E75EAD11E3F318100742E2F /* Debug */ = {
			isa = XCBuildConfiguration;
			buildSettings = {
				DEVELOPMENT_TEAM = WE3J9L5VM3;
				LIBRARY_SEARCH_PATHS = (
					"$(inherited)",
					/usr/local/Cellar/opencv/2.4.13/lib,
				);
				PRODUCT_NAME = "$(TARGET_NAME)";
			};
			name = Debug;
		};
		1E75EAD21E3F318100742E2F /* Release */ = {
			isa = XCBuildConfiguration;
			buildSettings = {
				DEVELOPMENT_TEAM = WE3J9L5VM3;
				LIBRARY_SEARCH_PATHS = (
					"$(inherited)",
					/usr/local/Cellar/opencv/2.4.13/lib,
				);
				PRODUCT_NAME = "$(TARGET_NAME)";
			};
			name = Release;
		};
/* End XCBuildConfiguration section */

/* Begin XCConfigurationList section */
		1E75EAC41E3F318100742E2F /* Build configuration list for PBXProject "depthMapMac" */ = {
			isa = XCConfigurationList;
			buildConfigurations = (
				1E75EACE1E3F318100742E2F /* Debug */,
				1E75EACF1E3F318100742E2F /* Release */,
			);
			defaultConfigurationIsVisible = 0;
			defaultConfigurationName = Release;
		};
		1E75EAD01E3F318100742E2F /* Build configuration list for PBXNativeTarget "depthMapMac" */ = {
			isa = XCConfigurationList;
			buildConfigurations = (
				1E75EAD11E3F318100742E2F /* Debug */,
				1E75EAD21E3F318100742E2F /* Release */,
			);
			defaultConfigurationIsVisible = 0;
			defaultConfigurationName = Release;
		};
/* End XCConfigurationList section */
	};
	rootObject = 1E75EAC11E3F318100742E2F /* Project object */;
}
